// !$*UTF8*$!
{
	archiveVersion = 1;
	classes = {
	};
	objectVersion = 46;
	objects = {

/* Begin PBXBuildFile section */
		6A1C007515E509CB0092A4E3 /* UIKit.framework in Frameworks */ = {isa = PBXBuildFile; fileRef = 6A1C007415E509CB0092A4E3 /* UIKit.framework */; };
		6A1C007715E509CB0092A4E3 /* Foundation.framework in Frameworks */ = {isa = PBXBuildFile; fileRef = 6A1C007615E509CB0092A4E3 /* Foundation.framework */; };
		6A1C007915E509CB0092A4E3 /* CoreGraphics.framework in Frameworks */ = {isa = PBXBuildFile; fileRef = 6A1C007815E509CB0092A4E3 /* CoreGraphics.framework */; };
		6A1C007F15E509CB0092A4E3 /* InfoPlist.strings in Resources */ = {isa = PBXBuildFile; fileRef = 6A1C007D15E509CB0092A4E3 /* InfoPlist.strings */; };
		6A1C008115E509CB0092A4E3 /* main.m in Sources */ = {isa = PBXBuildFile; fileRef = 6A1C008015E509CB0092A4E3 /* main.m */; };
		6A1C008515E509CB0092A4E3 /* PrincipalAppDelegate.m in Sources */ = {isa = PBXBuildFile; fileRef = 6A1C008415E509CB0092A4E3 /* PrincipalAppDelegate.m */; };
		6A1C008815E509CB0092A4E3 /* MainStoryboard_iPhone.storyboard in Resources */ = {isa = PBXBuildFile; fileRef = 6A1C008615E509CB0092A4E3 /* MainStoryboard_iPhone.storyboard */; };
		6A1C008B15E509CB0092A4E3 /* MainStoryboard_iPad.storyboard in Resources */ = {isa = PBXBuildFile; fileRef = 6A1C008915E509CB0092A4E3 /* MainStoryboard_iPad.storyboard */; };
		6A1C008E15E509CB0092A4E3 /* PrincipalViewController.m in Sources */ = {isa = PBXBuildFile; fileRef = 6A1C008D15E509CB0092A4E3 /* PrincipalViewController.m */; };
		6A1C009615E509CB0092A4E3 /* SenTestingKit.framework in Frameworks */ = {isa = PBXBuildFile; fileRef = 6A1C009515E509CB0092A4E3 /* SenTestingKit.framework */; };
		6A1C009715E509CB0092A4E3 /* UIKit.framework in Frameworks */ = {isa = PBXBuildFile; fileRef = 6A1C007415E509CB0092A4E3 /* UIKit.framework */; };
		6A1C009815E509CB0092A4E3 /* Foundation.framework in Frameworks */ = {isa = PBXBuildFile; fileRef = 6A1C007615E509CB0092A4E3 /* Foundation.framework */; };
		6A1C00A015E509CC0092A4E3 /* InfoPlist.strings in Resources */ = {isa = PBXBuildFile; fileRef = 6A1C009E15E509CC0092A4E3 /* InfoPlist.strings */; };
		6A1C00A315E509CC0092A4E3 /* DicionarioTests.m in Sources */ = {isa = PBXBuildFile; fileRef = 6A1C00A215E509CC0092A4E3 /* DicionarioTests.m */; };
/* End PBXBuildFile section */

/* Begin PBXContainerItemProxy section */
		6A1C009915E509CB0092A4E3 /* PBXContainerItemProxy */ = {
			isa = PBXContainerItemProxy;
			containerPortal = 6A1C006715E509CB0092A4E3 /* Project object */;
			proxyType = 1;
			remoteGlobalIDString = 6A1C006F15E509CB0092A4E3;
			remoteInfo = Dicionario;
		};
/* End PBXContainerItemProxy section */

/* Begin PBXFileReference section */
		6A1C007015E509CB0092A4E3 /* Dicionario.app */ = {isa = PBXFileReference; explicitFileType = wrapper.application; includeInIndex = 0; path = Dicionario.app; sourceTree = BUILT_PRODUCTS_DIR; };
		6A1C007415E509CB0092A4E3 /* UIKit.framework */ = {isa = PBXFileReference; lastKnownFileType = wrapper.framework; name = UIKit.framework; path = System/Library/Frameworks/UIKit.framework; sourceTree = SDKROOT; };
		6A1C007615E509CB0092A4E3 /* Foundation.framework */ = {isa = PBXFileReference; lastKnownFileType = wrapper.framework; name = Foundation.framework; path = System/Library/Frameworks/Foundation.framework; sourceTree = SDKROOT; };
		6A1C007815E509CB0092A4E3 /* CoreGraphics.framework */ = {isa = PBXFileReference; lastKnownFileType = wrapper.framework; name = CoreGraphics.framework; path = System/Library/Frameworks/CoreGraphics.framework; sourceTree = SDKROOT; };
		6A1C007C15E509CB0092A4E3 /* Dicionario-Info.plist */ = {isa = PBXFileReference; lastKnownFileType = text.plist.xml; path = "Dicionario-Info.plist"; sourceTree = "<group>"; };
		6A1C007E15E509CB0092A4E3 /* en */ = {isa = PBXFileReference; lastKnownFileType = text.plist.strings; name = en; path = en.lproj/InfoPlist.strings; sourceTree = "<group>"; };
		6A1C008015E509CB0092A4E3 /* main.m */ = {isa = PBXFileReference; lastKnownFileType = sourcecode.c.objc; path = main.m; sourceTree = "<group>"; };
		6A1C008215E509CB0092A4E3 /* Dicionario-Prefix.pch */ = {isa = PBXFileReference; lastKnownFileType = sourcecode.c.h; path = "Dicionario-Prefix.pch"; sourceTree = "<group>"; };
		6A1C008315E509CB0092A4E3 /* PrincipalAppDelegate.h */ = {isa = PBXFileReference; lastKnownFileType = sourcecode.c.h; path = PrincipalAppDelegate.h; sourceTree = "<group>"; };
		6A1C008415E509CB0092A4E3 /* PrincipalAppDelegate.m */ = {isa = PBXFileReference; lastKnownFileType = sourcecode.c.objc; path = PrincipalAppDelegate.m; sourceTree = "<group>"; };
		6A1C008715E509CB0092A4E3 /* en */ = {isa = PBXFileReference; lastKnownFileType = file.storyboard; name = en; path = en.lproj/MainStoryboard_iPhone.storyboard; sourceTree = "<group>"; };
		6A1C008A15E509CB0092A4E3 /* en */ = {isa = PBXFileReference; lastKnownFileType = file.storyboard; name = en; path = en.lproj/MainStoryboard_iPad.storyboard; sourceTree = "<group>"; };
		6A1C008C15E509CB0092A4E3 /* PrincipalViewController.h */ = {isa = PBXFileReference; lastKnownFileType = sourcecode.c.h; path = PrincipalViewController.h; sourceTree = "<group>"; };
		6A1C008D15E509CB0092A4E3 /* PrincipalViewController.m */ = {isa = PBXFileReference; lastKnownFileType = sourcecode.c.objc; path = PrincipalViewController.m; sourceTree = "<group>"; };
		6A1C009415E509CB0092A4E3 /* DicionarioTests.octest */ = {isa = PBXFileReference; explicitFileType = wrapper.cfbundle; includeInIndex = 0; path = DicionarioTests.octest; sourceTree = BUILT_PRODUCTS_DIR; };
		6A1C009515E509CB0092A4E3 /* SenTestingKit.framework */ = {isa = PBXFileReference; lastKnownFileType = wrapper.framework; name = SenTestingKit.framework; path = Library/Frameworks/SenTestingKit.framework; sourceTree = DEVELOPER_DIR; };
		6A1C009D15E509CC0092A4E3 /* DicionarioTests-Info.plist */ = {isa = PBXFileReference; lastKnownFileType = text.plist.xml; path = "DicionarioTests-Info.plist"; sourceTree = "<group>"; };
		6A1C009F15E509CC0092A4E3 /* en */ = {isa = PBXFileReference; lastKnownFileType = text.plist.strings; name = en; path = en.lproj/InfoPlist.strings; sourceTree = "<group>"; };
		6A1C00A115E509CC0092A4E3 /* DicionarioTests.h */ = {isa = PBXFileReference; lastKnownFileType = sourcecode.c.h; path = DicionarioTests.h; sourceTree = "<group>"; };
		6A1C00A215E509CC0092A4E3 /* DicionarioTests.m */ = {isa = PBXFileReference; lastKnownFileType = sourcecode.c.objc; path = DicionarioTests.m; sourceTree = "<group>"; };
/* End PBXFileReference section */

/* Begin PBXFrameworksBuildPhase section */
		6A1C006D15E509CB0092A4E3 /* Frameworks */ = {
			isa = PBXFrameworksBuildPhase;
			buildActionMask = 2147483647;
			files = (
				6A1C007515E509CB0092A4E3 /* UIKit.framework in Frameworks */,
				6A1C007715E509CB0092A4E3 /* Foundation.framework in Frameworks */,
				6A1C007915E509CB0092A4E3 /* CoreGraphics.framework in Frameworks */,
			);
			runOnlyForDeploymentPostprocessing = 0;
		};
		6A1C009015E509CB0092A4E3 /* Frameworks */ = {
			isa = PBXFrameworksBuildPhase;
			buildActionMask = 2147483647;
			files = (
				6A1C009615E509CB0092A4E3 /* SenTestingKit.framework in Frameworks */,
				6A1C009715E509CB0092A4E3 /* UIKit.framework in Frameworks */,
				6A1C009815E509CB0092A4E3 /* Foundation.framework in Frameworks */,
			);
			runOnlyForDeploymentPostprocessing = 0;
		};
/* End PBXFrameworksBuildPhase section */

/* Begin PBXGroup section */
		6A1C006515E509CB0092A4E3 = {
			isa = PBXGroup;
			children = (
				6A1C007A15E509CB0092A4E3 /* Dicionario */,
				6A1C009B15E509CB0092A4E3 /* DicionarioTests */,
				6A1C007315E509CB0092A4E3 /* Frameworks */,
				6A1C007115E509CB0092A4E3 /* Products */,
			);
			sourceTree = "<group>";
		};
		6A1C007115E509CB0092A4E3 /* Products */ = {
			isa = PBXGroup;
			children = (
				6A1C007015E509CB0092A4E3 /* Dicionario.app */,
				6A1C009415E509CB0092A4E3 /* DicionarioTests.octest */,
			);
			name = Products;
			sourceTree = "<group>";
		};
		6A1C007315E509CB0092A4E3 /* Frameworks */ = {
			isa = PBXGroup;
			children = (
				6A1C007415E509CB0092A4E3 /* UIKit.framework */,
				6A1C007615E509CB0092A4E3 /* Foundation.framework */,
				6A1C007815E509CB0092A4E3 /* CoreGraphics.framework */,
				6A1C009515E509CB0092A4E3 /* SenTestingKit.framework */,
			);
			name = Frameworks;
			sourceTree = "<group>";
		};
		6A1C007A15E509CB0092A4E3 /* Dicionario */ = {
			isa = PBXGroup;
			children = (
				6A1C008315E509CB0092A4E3 /* PrincipalAppDelegate.h */,
				6A1C008415E509CB0092A4E3 /* PrincipalAppDelegate.m */,
				6A1C008615E509CB0092A4E3 /* MainStoryboard_iPhone.storyboard */,
				6A1C008915E509CB0092A4E3 /* MainStoryboard_iPad.storyboard */,
				6A1C008C15E509CB0092A4E3 /* PrincipalViewController.h */,
				6A1C008D15E509CB0092A4E3 /* PrincipalViewController.m */,
				6A1C007B15E509CB0092A4E3 /* Supporting Files */,
			);
			path = Dicionario;
			sourceTree = "<group>";
		};
		6A1C007B15E509CB0092A4E3 /* Supporting Files */ = {
			isa = PBXGroup;
			children = (
				6A1C007C15E509CB0092A4E3 /* Dicionario-Info.plist */,
				6A1C007D15E509CB0092A4E3 /* InfoPlist.strings */,
				6A1C008015E509CB0092A4E3 /* main.m */,
				6A1C008215E509CB0092A4E3 /* Dicionario-Prefix.pch */,
			);
			name = "Supporting Files";
			sourceTree = "<group>";
		};
		6A1C009B15E509CB0092A4E3 /* DicionarioTests */ = {
			isa = PBXGroup;
			children = (
				6A1C00A115E509CC0092A4E3 /* DicionarioTests.h */,
				6A1C00A215E509CC0092A4E3 /* DicionarioTests.m */,
				6A1C009C15E509CC0092A4E3 /* Supporting Files */,
			);
			path = DicionarioTests;
			sourceTree = "<group>";
		};
		6A1C009C15E509CC0092A4E3 /* Supporting Files */ = {
			isa = PBXGroup;
			children = (
				6A1C009D15E509CC0092A4E3 /* DicionarioTests-Info.plist */,
				6A1C009E15E509CC0092A4E3 /* InfoPlist.strings */,
			);
			name = "Supporting Files";
			sourceTree = "<group>";
		};
/* End PBXGroup section */

/* Begin PBXNativeTarget section */
		6A1C006F15E509CB0092A4E3 /* Dicionario */ = {
			isa = PBXNativeTarget;
			buildConfigurationList = 6A1C00A615E509CC0092A4E3 /* Build configuration list for PBXNativeTarget "Dicionario" */;
			buildPhases = (
				6A1C006C15E509CB0092A4E3 /* Sources */,
				6A1C006D15E509CB0092A4E3 /* Frameworks */,
				6A1C006E15E509CB0092A4E3 /* Resources */,
			);
			buildRules = (
			);
			dependencies = (
			);
			name = Dicionario;
			productName = Dicionario;
			productReference = 6A1C007015E509CB0092A4E3 /* Dicionario.app */;
			productType = "com.apple.product-type.application";
		};
		6A1C009315E509CB0092A4E3 /* DicionarioTests */ = {
			isa = PBXNativeTarget;
			buildConfigurationList = 6A1C00A915E509CC0092A4E3 /* Build configuration list for PBXNativeTarget "DicionarioTests" */;
			buildPhases = (
				6A1C008F15E509CB0092A4E3 /* Sources */,
				6A1C009015E509CB0092A4E3 /* Frameworks */,
				6A1C009115E509CB0092A4E3 /* Resources */,
				6A1C009215E509CB0092A4E3 /* ShellScript */,
			);
			buildRules = (
			);
			dependencies = (
				6A1C009A15E509CB0092A4E3 /* PBXTargetDependency */,
			);
			name = DicionarioTests;
			productName = DicionarioTests;
			productReference = 6A1C009415E509CB0092A4E3 /* DicionarioTests.octest */;
			productType = "com.apple.product-type.bundle";
		};
/* End PBXNativeTarget section */

/* Begin PBXProject section */
		6A1C006715E509CB0092A4E3 /* Project object */ = {
			isa = PBXProject;
			attributes = {
				CLASSPREFIX = Principal;
				LastUpgradeCheck = 0440;
				ORGANIZATIONNAME = "Rafael Brigagão Paulino";
			};
			buildConfigurationList = 6A1C006A15E509CB0092A4E3 /* Build configuration list for PBXProject "Dicionario" */;
			compatibilityVersion = "Xcode 3.2";
			developmentRegion = English;
			hasScannedForEncodings = 0;
			knownRegions = (
				en,
			);
			mainGroup = 6A1C006515E509CB0092A4E3;
			productRefGroup = 6A1C007115E509CB0092A4E3 /* Products */;
			projectDirPath = "";
			projectRoot = "";
			targets = (
				6A1C006F15E509CB0092A4E3 /* Dicionario */,
				6A1C009315E509CB0092A4E3 /* DicionarioTests */,
			);
		};
/* End PBXProject section */

/* Begin PBXResourcesBuildPhase section */
		6A1C006E15E509CB0092A4E3 /* Resources */ = {
			isa = PBXResourcesBuildPhase;
			buildActionMask = 2147483647;
			files = (
				6A1C007F15E509CB0092A4E3 /* InfoPlist.strings in Resources */,
				6A1C008815E509CB0092A4E3 /* MainStoryboard_iPhone.storyboard in Resources */,
				6A1C008B15E509CB0092A4E3 /* MainStoryboard_iPad.storyboard in Resources */,
			);
			runOnlyForDeploymentPostprocessing = 0;
		};
		6A1C009115E509CB0092A4E3 /* Resources */ = {
			isa = PBXResourcesBuildPhase;
			buildActionMask = 2147483647;
			files = (
				6A1C00A015E509CC0092A4E3 /* InfoPlist.strings in Resources */,
			);
			runOnlyForDeploymentPostprocessing = 0;
		};
/* End PBXResourcesBuildPhase section */

/* Begin PBXShellScriptBuildPhase section */
		6A1C009215E509CB0092A4E3 /* ShellScript */ = {
			isa = PBXShellScriptBuildPhase;
			buildActionMask = 2147483647;
			files = (
			);
			inputPaths = (
			);
			outputPaths = (
			);
			runOnlyForDeploymentPostprocessing = 0;
			shellPath = /bin/sh;
			shellScript = "# Run the unit tests in this test bundle.\n\"${SYSTEM_DEVELOPER_DIR}/Tools/RunUnitTests\"\n";
		};
/* End PBXShellScriptBuildPhase section */

/* Begin PBXSourcesBuildPhase section */
		6A1C006C15E509CB0092A4E3 /* Sources */ = {
			isa = PBXSourcesBuildPhase;
			buildActionMask = 2147483647;
			files = (
				6A1C008115E509CB0092A4E3 /* main.m in Sources */,
				6A1C008515E509CB0092A4E3 /* PrincipalAppDelegate.m in Sources */,
				6A1C008E15E509CB0092A4E3 /* PrincipalViewController.m in Sources */,
			);
			runOnlyForDeploymentPostprocessing = 0;
		};
		6A1C008F15E509CB0092A4E3 /* Sources */ = {
			isa = PBXSourcesBuildPhase;
			buildActionMask = 2147483647;
			files = (
				6A1C00A315E509CC0092A4E3 /* DicionarioTests.m in Sources */,
			);
			runOnlyForDeploymentPostprocessing = 0;
		};
/* End PBXSourcesBuildPhase section */

/* Begin PBXTargetDependency section */
		6A1C009A15E509CB0092A4E3 /* PBXTargetDependency */ = {
			isa = PBXTargetDependency;
			target = 6A1C006F15E509CB0092A4E3 /* Dicionario */;
			targetProxy = 6A1C009915E509CB0092A4E3 /* PBXContainerItemProxy */;
		};
/* End PBXTargetDependency section */

/* Begin PBXVariantGroup section */
		6A1C007D15E509CB0092A4E3 /* InfoPlist.strings */ = {
			isa = PBXVariantGroup;
			children = (
				6A1C007E15E509CB0092A4E3 /* en */,
			);
			name = InfoPlist.strings;
			sourceTree = "<group>";
		};
		6A1C008615E509CB0092A4E3 /* MainStoryboard_iPhone.storyboard */ = {
			isa = PBXVariantGroup;
			children = (
				6A1C008715E509CB0092A4E3 /* en */,
			);
			name = MainStoryboard_iPhone.storyboard;
			sourceTree = "<group>";
		};
		6A1C008915E509CB0092A4E3 /* MainStoryboard_iPad.storyboard */ = {
			isa = PBXVariantGroup;
			children = (
				6A1C008A15E509CB0092A4E3 /* en */,
			);
			name = MainStoryboard_iPad.storyboard;
			sourceTree = "<group>";
		};
		6A1C009E15E509CC0092A4E3 /* InfoPlist.strings */ = {
			isa = PBXVariantGroup;
			children = (
				6A1C009F15E509CC0092A4E3 /* en */,
			);
			name = InfoPlist.strings;
			sourceTree = "<group>";
		};
/* End PBXVariantGroup section */

/* Begin XCBuildConfiguration section */
		6A1C00A415E509CC0092A4E3 /* Debug */ = {
			isa = XCBuildConfiguration;
			buildSettings = {
				ALWAYS_SEARCH_USER_PATHS = NO;
				ARCHS = "$(ARCHS_STANDARD_32_BIT)";
				CLANG_CXX_LANGUAGE_STANDARD = "gnu++0x";
				CLANG_ENABLE_OBJC_ARC = YES;
				CLANG_WARN__DUPLICATE_METHOD_MATCH = YES;
				"CODE_SIGN_IDENTITY[sdk=iphoneos*]" = "iPhone Developer";
				COPY_PHASE_STRIP = NO;
				GCC_C_LANGUAGE_STANDARD = gnu99;
				GCC_DYNAMIC_NO_PIC = NO;
				GCC_OPTIMIZATION_LEVEL = 0;
				GCC_PREPROCESSOR_DEFINITIONS = (
					"DEBUG=1",
					"$(inherited)",
				);
				GCC_SYMBOLS_PRIVATE_EXTERN = NO;
				GCC_VERSION = com.apple.compilers.llvm.clang.1_0;
				GCC_WARN_ABOUT_RETURN_TYPE = YES;
				GCC_WARN_UNINITIALIZED_AUTOS = YES;
				GCC_WARN_UNUSED_VARIABLE = YES;
				IPHONEOS_DEPLOYMENT_TARGET = 5.1;
				SDKROOT = iphoneos;
				TARGETED_DEVICE_FAMILY = "1,2";
			};
			name = Debug;
		};
		6A1C00A515E509CC0092A4E3 /* Release */ = {
			isa = XCBuildConfiguration;
			buildSettings = {
				ALWAYS_SEARCH_USER_PATHS = NO;
				ARCHS = "$(ARCHS_STANDARD_32_BIT)";
				CLANG_CXX_LANGUAGE_STANDARD = "gnu++0x";
				CLANG_ENABLE_OBJC_ARC = YES;
				CLANG_WARN__DUPLICATE_METHOD_MATCH = YES;
				"CODE_SIGN_IDENTITY[sdk=iphoneos*]" = "iPhone Developer";
				COPY_PHASE_STRIP = YES;
				GCC_C_LANGUAGE_STANDARD = gnu99;
				GCC_VERSION = com.apple.compilers.llvm.clang.1_0;
				GCC_WARN_ABOUT_RETURN_TYPE = YES;
				GCC_WARN_UNINITIALIZED_AUTOS = YES;
				GCC_WARN_UNUSED_VARIABLE = YES;
				IPHONEOS_DEPLOYMENT_TARGET = 5.1;
				OTHER_CFLAGS = "-DNS_BLOCK_ASSERTIONS=1";
				SDKROOT = iphoneos;
				TARGETED_DEVICE_FAMILY = "1,2";
				VALIDATE_PRODUCT = YES;
			};
			name = Release;
		};
		6A1C00A715E509CC0092A4E3 /* Debug */ = {
			isa = XCBuildConfiguration;
			buildSettings = {
				GCC_PRECOMPILE_PREFIX_HEADER = YES;
				GCC_PREFIX_HEADER = "Dicionario/Dicionario-Prefix.pch";
				INFOPLIST_FILE = "Dicionario/Dicionario-Info.plist";
				PRODUCT_NAME = "$(TARGET_NAME)";
				WRAPPER_EXTENSION = app;
			};
			name = Debug;
		};
		6A1C00A815E509CC0092A4E3 /* Release */ = {
			isa = XCBuildConfiguration;
			buildSettings = {
				GCC_PRECOMPILE_PREFIX_HEADER = YES;
				GCC_PREFIX_HEADER = "Dicionario/Dicionario-Prefix.pch";
				INFOPLIST_FILE = "Dicionario/Dicionario-Info.plist";
				PRODUCT_NAME = "$(TARGET_NAME)";
				WRAPPER_EXTENSION = app;
			};
			name = Release;
		};
		6A1C00AA15E509CC0092A4E3 /* Debug */ = {
			isa = XCBuildConfiguration;
			buildSettings = {
				BUNDLE_LOADER = "$(BUILT_PRODUCTS_DIR)/Dicionario.app/Dicionario";
				FRAMEWORK_SEARCH_PATHS = (
					"\"$(SDKROOT)/Developer/Library/Frameworks\"",
					"\"$(DEVELOPER_LIBRARY_DIR)/Frameworks\"",
				);
				GCC_PRECOMPILE_PREFIX_HEADER = YES;
				GCC_PREFIX_HEADER = "Dicionario/Dicionario-Prefix.pch";
				INFOPLIST_FILE = "DicionarioTests/DicionarioTests-Info.plist";
				PRODUCT_NAME = "$(TARGET_NAME)";
				TEST_HOST = "$(BUNDLE_LOADER)";
				WRAPPER_EXTENSION = octest;
			};
			name = Debug;
		};
		6A1C00AB15E509CC0092A4E3 /* Release */ = {
			isa = XCBuildConfiguration;
			buildSettings = {
				BUNDLE_LOADER = "$(BUILT_PRODUCTS_DIR)/Dicionario.app/Dicionario";
				FRAMEWORK_SEARCH_PATHS = (
					"\"$(SDKROOT)/Developer/Library/Frameworks\"",
					"\"$(DEVELOPER_LIBRARY_DIR)/Frameworks\"",
				);
				GCC_PRECOMPILE_PREFIX_HEADER = YES;
				GCC_PREFIX_HEADER = "Dicionario/Dicionario-Prefix.pch";
				INFOPLIST_FILE = "DicionarioTests/DicionarioTests-Info.plist";
				PRODUCT_NAME = "$(TARGET_NAME)";
				TEST_HOST = "$(BUNDLE_LOADER)";
				WRAPPER_EXTENSION = octest;
			};
			name = Release;
		};
/* End XCBuildConfiguration section */

/* Begin XCConfigurationList section */
		6A1C006A15E509CB0092A4E3 /* Build configuration list for PBXProject "Dicionario" */ = {
			isa = XCConfigurationList;
			buildConfigurations = (
				6A1C00A415E509CC0092A4E3 /* Debug */,
				6A1C00A515E509CC0092A4E3 /* Release */,
			);
			defaultConfigurationIsVisible = 0;
			defaultConfigurationName = Release;
		};
		6A1C00A615E509CC0092A4E3 /* Build configuration list for PBXNativeTarget "Dicionario" */ = {
			isa = XCConfigurationList;
			buildConfigurations = (
				6A1C00A715E509CC0092A4E3 /* Debug */,
				6A1C00A815E509CC0092A4E3 /* Release */,
			);
			defaultConfigurationIsVisible = 0;
		};
		6A1C00A915E509CC0092A4E3 /* Build configuration list for PBXNativeTarget "DicionarioTests" */ = {
			isa = XCConfigurationList;
			buildConfigurations = (
				6A1C00AA15E509CC0092A4E3 /* Debug */,
				6A1C00AB15E509CC0092A4E3 /* Release */,
			);
			defaultConfigurationIsVisible = 0;
		};
/* End XCConfigurationList section */
	};
	rootObject = 6A1C006715E509CB0092A4E3 /* Project object */;
}
